
Microsoft Visual Studio Solution File, Format Version 12.00
# Visual Studio 15
VisualStudioVersion = 15.0.27130.2026
MinimumVisualStudioVersion = 10.0.40219.1
Project("{8BC9CEB8-8B4A-11D0-8D11-00A0C91BC942}") = "C-Language_Practices", "C-Language_Practices\C-Language_Practices.vcxproj", "{8B076848-2692-41DF-B1A3-30E48CB38F12}"
EndProject
Project("{8BC9CEB8-8B4A-11D0-8D11-00A0C91BC942}") = "First step in C++", "First step in C++\First step in C++.vcxproj", "{14FFB592-8947-41A3-8E77-976C84A35C59}"
EndProject
Global
	GlobalSection(SolutionConfigurationPlatforms) = preSolution
		Debug|x64 = Debug|x64
		Debug|x86 = Debug|x86
		Release|x64 = Release|x64
		Release|x86 = Release|x86
	EndGlobalSection
	GlobalSection(ProjectConfigurationPlatforms) = postSolution
		{8B076848-2692-41DF-B1A3-30E48CB38F12}.Debug|x64.ActiveCfg = Debug|x64
		{8B076848-2692-41DF-B1A3-30E48CB38F12}.Debug|x64.Build.0 = Debug|x64
		{8B076848-2692-41DF-B1A3-30E48CB38F12}.Debug|x86.ActiveCfg = Debug|Win32
		{8B076848-2692-41DF-B1A3-30E48CB38F12}.Debug|x86.Build.0 = Debug|Win32
		{8B076848-2692-41DF-B1A3-30E48CB38F12}.Release|x64.ActiveCfg = Release|x64
		{8B076848-2692-41DF-B1A3-30E48CB38F12}.Release|x64.Build.0 = Release|x64
		{8B076848-2692-41DF-B1A3-30E48CB38F12}.Release|x86.ActiveCfg = Release|Win32
		{8B076848-2692-41DF-B1A3-30E48CB38F12}.Release|x86.Build.0 = Release|Win32
		{14FFB592-8947-41A3-8E77-976C84A35C59}.Debug|x64.ActiveCfg = Debug|x64
		{14FFB592-8947-41A3-8E77-976C84A35C59}.Debug|x64.Build.0 = Debug|x64
		{14FFB592-8947-41A3-8E77-976C84A35C59}.Debug|x86.ActiveCfg = Debug|Win32
		{14FFB592-8947-41A3-8E77-976C84A35C59}.Debug|x86.Build.0 = Debug|Win32
		{14FFB592-8947-41A3-8E77-976C84A35C59}.Release|x64.ActiveCfg = Release|x64
		{14FFB592-8947-41A3-8E77-976C84A35C59}.Release|x64.Build.0 = Release|x64
		{14FFB592-8947-41A3-8E77-976C84A35C59}.Release|x86.ActiveCfg = Release|Win32
		{14FFB592-8947-41A3-8E77-976C84A35C59}.Release|x86.Build.0 = Release|Win32
	EndGlobalSection
	GlobalSection(SolutionProperties) = preSolution
		HideSolutionNode = FALSE
	EndGlobalSection
	GlobalSection(ExtensibilityGlobals) = postSolution
		SolutionGuid = {3E0081DC-C59F-4A0B-B249-94BB46857E50}
	EndGlobalSection
EndGlobal
